// !$*UTF8*$!
{
	archiveVersion = 1;
	classes = {
	};
	objectVersion = 48;
	objects = {

/* Begin PBXBuildFile section */
		6848FB5C1FFD475C008C4B9C /* ToViewController.swift in Sources */ = {isa = PBXBuildFile; fileRef = 6848FB5B1FFD475C008C4B9C /* ToViewController.swift */; };
		6848FB5E1FFD480F008C4B9C /* MiniViewController.swift in Sources */ = {isa = PBXBuildFile; fileRef = 6848FB5D1FFD480F008C4B9C /* MiniViewController.swift */; };
		68B8224C1FFD2370008ADFFE /* AppDelegate.swift in Sources */ = {isa = PBXBuildFile; fileRef = 68B8224B1FFD2370008ADFFE /* AppDelegate.swift */; };
		68B8224E1FFD2370008ADFFE /* ViewController.swift in Sources */ = {isa = PBXBuildFile; fileRef = 68B8224D1FFD2370008ADFFE /* ViewController.swift */; };
		68B822511FFD2370008ADFFE /* Main.storyboard in Resources */ = {isa = PBXBuildFile; fileRef = 68B8224F1FFD2370008ADFFE /* Main.storyboard */; };
		68B822531FFD2370008ADFFE /* Assets.xcassets in Resources */ = {isa = PBXBuildFile; fileRef = 68B822521FFD2370008ADFFE /* Assets.xcassets */; };
		68B822561FFD2370008ADFFE /* LaunchScreen.storyboard in Resources */ = {isa = PBXBuildFile; fileRef = 68B822541FFD2370008ADFFE /* LaunchScreen.storyboard */; };
/* End PBXBuildFile section */

/* Begin PBXFileReference section */
		6848FB5B1FFD475C008C4B9C /* ToViewController.swift */ = {isa = PBXFileReference; lastKnownFileType = sourcecode.swift; path = ToViewController.swift; sourceTree = "<group>"; };
		6848FB5D1FFD480F008C4B9C /* MiniViewController.swift */ = {isa = PBXFileReference; lastKnownFileType = sourcecode.swift; path = MiniViewController.swift; sourceTree = "<group>"; };
		68B822481FFD2370008ADFFE /* ViewControllerCustomTransitionsExample.app */ = {isa = PBXFileReference; explicitFileType = wrapper.application; includeInIndex = 0; path = ViewControllerCustomTransitionsExample.app; sourceTree = BUILT_PRODUCTS_DIR; };
		68B8224B1FFD2370008ADFFE /* AppDelegate.swift */ = {isa = PBXFileReference; lastKnownFileType = sourcecode.swift; path = AppDelegate.swift; sourceTree = "<group>"; };
		68B8224D1FFD2370008ADFFE /* ViewController.swift */ = {isa = PBXFileReference; lastKnownFileType = sourcecode.swift; path = ViewController.swift; sourceTree = "<group>"; };
		68B822501FFD2370008ADFFE /* Base */ = {isa = PBXFileReference; lastKnownFileType = file.storyboard; name = Base; path = Base.lproj/Main.storyboard; sourceTree = "<group>"; };
		68B822521FFD2370008ADFFE /* Assets.xcassets */ = {isa = PBXFileReference; lastKnownFileType = folder.assetcatalog; path = Assets.xcassets; sourceTree = "<group>"; };
		68B822551FFD2370008ADFFE /* Base */ = {isa = PBXFileReference; lastKnownFileType = file.storyboard; name = Base; path = Base.lproj/LaunchScreen.storyboard; sourceTree = "<group>"; };
		68B822571FFD2370008ADFFE /* Info.plist */ = {isa = PBXFileReference; lastKnownFileType = text.plist.xml; path = Info.plist; sourceTree = "<group>"; };
/* End PBXFileReference section */

/* Begin PBXFrameworksBuildPhase section */
		68B822451FFD2370008ADFFE /* Frameworks */ = {
			isa = PBXFrameworksBuildPhase;
			buildActionMask = 2147483647;
			files = (
			);
			runOnlyForDeploymentPostprocessing = 0;
		};
/* End PBXFrameworksBuildPhase section */

/* Begin PBXGroup section */
		68B8223F1FFD2370008ADFFE = {
			isa = PBXGroup;
			children = (
				68B8224A1FFD2370008ADFFE /* ViewControllerCustomTransitionsExample */,
				68B822491FFD2370008ADFFE /* Products */,
			);
			sourceTree = "<group>";
		};
		68B822491FFD2370008ADFFE /* Products */ = {
			isa = PBXGroup;
			children = (
				68B822481FFD2370008ADFFE /* ViewControllerCustomTransitionsExample.app */,
			);
			name = Products;
			sourceTree = "<group>";
		};
		68B8224A1FFD2370008ADFFE /* ViewControllerCustomTransitionsExample */ = {
			isa = PBXGroup;
			children = (
				68B8224B1FFD2370008ADFFE /* AppDelegate.swift */,
				68B8224D1FFD2370008ADFFE /* ViewController.swift */,
				6848FB5D1FFD480F008C4B9C /* MiniViewController.swift */,
				6848FB5B1FFD475C008C4B9C /* ToViewController.swift */,
				68B8224F1FFD2370008ADFFE /* Main.storyboard */,
				68B822521FFD2370008ADFFE /* Assets.xcassets */,
				68B822541FFD2370008ADFFE /* LaunchScreen.storyboard */,
				68B822571FFD2370008ADFFE /* Info.plist */,
			);
			path = ViewControllerCustomTransitionsExample;
			sourceTree = "<group>";
		};
/* End PBXGroup section */

/* Begin PBXNativeTarget section */
		68B822471FFD2370008ADFFE /* ViewControllerCustomTransitionsExample */ = {
			isa = PBXNativeTarget;
			buildConfigurationList = 68B8225A1FFD2370008ADFFE /* Build configuration list for PBXNativeTarget "ViewControllerCustomTransitionsExample" */;
			buildPhases = (
				68B822441FFD2370008ADFFE /* Sources */,
				68B822451FFD2370008ADFFE /* Frameworks */,
				68B822461FFD2370008ADFFE /* Resources */,
			);
			buildRules = (
			);
			dependencies = (
			);
			name = ViewControllerCustomTransitionsExample;
			productName = ViewControllerCustomTransitionsExample;
			productReference = 68B822481FFD2370008ADFFE /* ViewControllerCustomTransitionsExample.app */;
			productType = "com.apple.product-type.application";
		};
/* End PBXNativeTarget section */

/* Begin PBXProject section */
		68B822401FFD2370008ADFFE /* Project object */ = {
			isa = PBXProject;
			attributes = {
				LastSwiftUpdateCheck = 0920;
				LastUpgradeCheck = 0920;
				ORGANIZATIONNAME = agc;
				TargetAttributes = {
					68B822471FFD2370008ADFFE = {
						CreatedOnToolsVersion = 9.2;
						ProvisioningStyle = Automatic;
					};
				};
			};
			buildConfigurationList = 68B822431FFD2370008ADFFE /* Build configuration list for PBXProject "ViewControllerCustomTransitionsExample" */;
			compatibilityVersion = "Xcode 8.0";
			developmentRegion = en;
			hasScannedForEncodings = 0;
			knownRegions = (
				en,
				Base,
			);
			mainGroup = 68B8223F1FFD2370008ADFFE;
			productRefGroup = 68B822491FFD2370008ADFFE /* Products */;
			projectDirPath = "";
			projectRoot = "";
			targets = (
				68B822471FFD2370008ADFFE /* ViewControllerCustomTransitionsExample */,
			);
		};
/* End PBXProject section */

/* Begin PBXResourcesBuildPhase section */
		68B822461FFD2370008ADFFE /* Resources */ = {
			isa = PBXResourcesBuildPhase;
			buildActionMask = 2147483647;
			files = (
				68B822561FFD2370008ADFFE /* LaunchScreen.storyboard in Resources */,
				68B822531FFD2370008ADFFE /* Assets.xcassets in Resources */,
				68B822511FFD2370008ADFFE /* Main.storyboard in Resources */,
			);
			runOnlyForDeploymentPostprocessing = 0;
		};
/* End PBXResourcesBuildPhase section */

/* Begin PBXSourcesBuildPhase section */
		68B822441FFD2370008ADFFE /* Sources */ = {
			isa = PBXSourcesBuildPhase;
			buildActionMask = 2147483647;
			files = (
				68B8224E1FFD2370008ADFFE /* ViewController.swift in Sources */,
				6848FB5C1FFD475C008C4B9C /* ToViewController.swift in Sources */,
				68B8224C1FFD2370008ADFFE /* AppDelegate.swift in Sources */,
				6848FB5E1FFD480F008C4B9C /* MiniViewController.swift in Sources */,
			);
			runOnlyForDeploymentPostprocessing = 0;
		};
/* End PBXSourcesBuildPhase section */

/* Begin PBXVariantGroup section */
		68B8224F1FFD2370008ADFFE /* Main.storyboard */ = {
			isa = PBXVariantGroup;
			children = (
				68B822501FFD2370008ADFFE /* Base */,
			);
			name = Main.storyboard;
			sourceTree = "<group>";
		};
		68B822541FFD2370008ADFFE /* LaunchScreen.storyboard */ = {
			isa = PBXVariantGroup;
			children = (
				68B822551FFD2370008ADFFE /* Base */,
			);
			name = LaunchScreen.storyboard;
			sourceTree = "<group>";
		};
/* End PBXVariantGroup section */

/* Begin XCBuildConfiguration section */
		68B822581FFD2370008ADFFE /* Debug */ = {
			isa = XCBuildConfiguration;
			buildSettings = {
				ALWAYS_SEARCH_USER_PATHS = NO;
				CLANG_ANALYZER_NONNULL = YES;
				CLANG_ANALYZER_NUMBER_OBJECT_CONVERSION = YES_AGGRESSIVE;
				CLANG_CXX_LANGUAGE_STANDARD = "gnu++14";
				CLANG_CXX_LIBRARY = "libc++";
				CLANG_ENABLE_MODULES = YES;
				CLANG_ENABLE_OBJC_ARC = YES;
				CLANG_WARN_BLOCK_CAPTURE_AUTORELEASING = YES;
				CLANG_WARN_BOOL_CONVERSION = YES;
				CLANG_WARN_COMMA = YES;
				CLANG_WARN_CONSTANT_CONVERSION = YES;
				CLANG_WARN_DIRECT_OBJC_ISA_USAGE = YES_ERROR;
				CLANG_WARN_DOCUMENTATION_COMMENTS = YES;
				CLANG_WARN_EMPTY_BODY = YES;
				CLANG_WARN_ENUM_CONVERSION = YES;
				CLANG_WARN_INFINITE_RECURSION = YES;
				CLANG_WARN_INT_CONVERSION = YES;
				CLANG_WARN_NON_LITERAL_NULL_CONVERSION = YES;
				CLANG_WARN_OBJC_LITERAL_CONVERSION = YES;
				CLANG_WARN_OBJC_ROOT_CLASS = YES_ERROR;
				CLANG_WARN_RANGE_LOOP_ANALYSIS = YES;
				CLANG_WARN_STRICT_PROTOTYPES = YES;
				CLANG_WARN_SUSPICIOUS_MOVE = YES;
				CLANG_WARN_UNGUARDED_AVAILABILITY = YES_AGGRESSIVE;
				CLANG_WARN_UNREACHABLE_CODE = YES;
				CLANG_WARN__DUPLICATE_METHOD_MATCH = YES;
				CODE_SIGN_IDENTITY = "iPhone Developer";
				COPY_PHASE_STRIP = NO;
				DEBUG_INFORMATION_FORMAT = dwarf;
				ENABLE_STRICT_OBJC_MSGSEND = YES;
				ENABLE_TESTABILITY = YES;
				GCC_C_LANGUAGE_STANDARD = gnu11;
				GCC_DYNAMIC_NO_PIC = NO;
				GCC_NO_COMMON_BLOCKS = YES;
				GCC_OPTIMIZATION_LEVEL = 0;
				GCC_PREPROCESSOR_DEFINITIONS = (
					"DEBUG=1",
					"$(inherited)",
				);
				GCC_WARN_64_TO_32_BIT_CONVERSION = YES;
				GCC_WARN_ABOUT_RETURN_TYPE = YES_ERROR;
				GCC_WARN_UNDECLARED_SELECTOR = YES;
				GCC_WARN_UNINITIALIZED_AUTOS = YES_AGGRESSIVE;
				GCC_WARN_UNUSED_FUNCTION = YES;
				GCC_WARN_UNUSED_VARIABLE = YES;
				IPHONEOS_DEPLOYMENT_TARGET = 11.2;
				MTL_ENABLE_DEBUG_INFO = YES;
				ONLY_ACTIVE_ARCH = YES;
				SDKROOT = iphoneos;
				SWIFT_ACTIVE_COMPILATION_CONDITIONS = DEBUG;
				SWIFT_OPTIMIZATION_LEVEL = "-Onone";
			};
			name = Debug;
		};
		68B822591FFD2370008ADFFE /* Release */ = {
			isa = XCBuildConfiguration;
			buildSettings = {
				ALWAYS_SEARCH_USER_PATHS = NO;
				CLANG_ANALYZER_NONNULL = YES;
				CLANG_ANALYZER_NUMBER_OBJECT_CONVERSION = YES_AGGRESSIVE;
				CLANG_CXX_LANGUAGE_STANDARD = "gnu++14";
				CLANG_CXX_LIBRARY = "libc++";
				CLANG_ENABLE_MODULES = YES;
				CLANG_ENABLE_OBJC_ARC = YES;
				CLANG_WARN_BLOCK_CAPTURE_AUTORELEASING = YES;
				CLANG_WARN_BOOL_CONVERSION = YES;
				CLANG_WARN_COMMA = YES;
				CLANG_WARN_CONSTANT_CONVERSION = YES;
				CLANG_WARN_DIRECT_OBJC_ISA_USAGE = YES_ERROR;
				CLANG_WARN_DOCUMENTATION_COMMENTS = YES;
				CLANG_WARN_EMPTY_BODY = YES;
				CLANG_WARN_ENUM_CONVERSION = YES;
				CLANG_WARN_INFINITE_RECURSION = YES;
				CLANG_WARN_INT_CONVERSION = YES;
				CLANG_WARN_NON_LITERAL_NULL_CONVERSION = YES;
				CLANG_WARN_OBJC_LITERAL_CONVERSION = YES;
				CLANG_WARN_OBJC_ROOT_CLASS = YES_ERROR;
				CLANG_WARN_RANGE_LOOP_ANALYSIS = YES;
				CLANG_WARN_STRICT_PROTOTYPES = YES;
				CLANG_WARN_SUSPICIOUS_MOVE = YES;
				CLANG_WARN_UNGUARDED_AVAILABILITY = YES_AGGRESSIVE;
				CLANG_WARN_UNREACHABLE_CODE = YES;
				CLANG_WARN__DUPLICATE_METHOD_MATCH = YES;
				CODE_SIGN_IDENTITY = "iPhone Developer";
				COPY_PHASE_STRIP = NO;
				DEBUG_INFORMATION_FORMAT = "dwarf-with-dsym";
				ENABLE_NS_ASSERTIONS = NO;
				ENABLE_STRICT_OBJC_MSGSEND = YES;
				GCC_C_LANGUAGE_STANDARD = gnu11;
				GCC_NO_COMMON_BLOCKS = YES;
				GCC_WARN_64_TO_32_BIT_CONVERSION = YES;
				GCC_WARN_ABOUT_RETURN_TYPE = YES_ERROR;
				GCC_WARN_UNDECLARED_SELECTOR = YES;
				GCC_WARN_UNINITIALIZED_AUTOS = YES_AGGRESSIVE;
				GCC_WARN_UNUSED_FUNCTION = YES;
				GCC_WARN_UNUSED_VARIABLE = YES;
				IPHONEOS_DEPLOYMENT_TARGET = 11.2;
				MTL_ENABLE_DEBUG_INFO = NO;
				SDKROOT = iphoneos;
				SWIFT_OPTIMIZATION_LEVEL = "-Owholemodule";
				VALIDATE_PRODUCT = YES;
			};
			name = Release;
		};
		68B8225B1FFD2370008ADFFE /* Debug */ = {
			isa = XCBuildConfiguration;
			buildSettings = {
				ASSETCATALOG_COMPILER_APPICON_NAME = AppIcon;
				CODE_SIGN_STYLE = Automatic;
				DEVELOPMENT_TEAM = LV28C4882Q;
				INFOPLIST_FILE = ViewControllerCustomTransitionsExample/Info.plist;
				LD_RUNPATH_SEARCH_PATHS = "$(inherited) @executable_path/Frameworks";
				PRODUCT_BUNDLE_IDENTIFIER = agc.ViewControllerCustomTransitionsExample;
				PRODUCT_NAME = "$(TARGET_NAME)";
				SWIFT_VERSION = 4.0;
				TARGETED_DEVICE_FAMILY = "1,2";
			};
			name = Debug;
		};
		68B8225C1FFD2370008ADFFE /* Release */ = {
			isa = XCBuildConfiguration;
			buildSettings = {
				ASSETCATALOG_COMPILER_APPICON_NAME = AppIcon;
				CODE_SIGN_STYLE = Automatic;
				DEVELOPMENT_TEAM = LV28C4882Q;
				INFOPLIST_FILE = ViewControllerCustomTransitionsExample/Info.plist;
				LD_RUNPATH_SEARCH_PATHS = "$(inherited) @executable_path/Frameworks";
				PRODUCT_BUNDLE_IDENTIFIER = agc.ViewControllerCustomTransitionsExample;
				PRODUCT_NAME = "$(TARGET_NAME)";
				SWIFT_VERSION = 4.0;
				TARGETED_DEVICE_FAMILY = "1,2";
			};
			name = Release;
		};
/* End XCBuildConfiguration section */

/* Begin XCConfigurationList section */
		68B822431FFD2370008ADFFE /* Build configuration list for PBXProject "ViewControllerCustomTransitionsExample" */ = {
			isa = XCConfigurationList;
			buildConfigurations = (
				68B822581FFD2370008ADFFE /* Debug */,
				68B822591FFD2370008ADFFE /* Release */,
			);
			defaultConfigurationIsVisible = 0;
			defaultConfigurationName = Release;
		};
		68B8225A1FFD2370008ADFFE /* Build configuration list for PBXNativeTarget "ViewControllerCustomTransitionsExample" */ = {
			isa = XCConfigurationList;
			buildConfigurations = (
				68B8225B1FFD2370008ADFFE /* Debug */,
				68B8225C1FFD2370008ADFFE /* Release */,
			);
			defaultConfigurationIsVisible = 0;
			defaultConfigurationName = Release;
		};
/* End XCConfigurationList section */
	};
	rootObject = 68B822401FFD2370008ADFFE /* Project object */;
}
